
Microsoft Visual Studio Solution File, Format Version 12.00
# Visual Studio Version 17
VisualStudioVersion = 17.14.36811.4
MinimumVisualStudioVersion = 10.0.40219.1
Project("{FAE04EC0-301F-11D3-BF4B-00C04F79EFBC}") = "AKRS.ZX2200", "AKRS.ZX2200\AKRS.ZX2200.csproj", "{2B9696AB-6629-45CA-AC34-98AB1A817ABB}"
	ProjectSection(ProjectDependencies) = postProject
		{D8062B58-0349-4E5D-A5C4-0CA9D3FC4FA1} = {D8062B58-0349-4E5D-A5C4-0CA9D3FC4FA1}
		{EB3C2BCE-635D-440B-BE73-148BB644A62C} = {EB3C2BCE-635D-440B-BE73-148BB644A62C}
	EndProjectSection
EndProject
Project("{FAE04EC0-301F-11D3-BF4B-00C04F79EFBC}") = "AKRS.Galaxy2.Machine", "AKRS.Galaxy2.Machine\AKRS.Galaxy2.Machine.csproj", "{EB3C2BCE-635D-440B-BE73-148BB644A62C}"
EndProject
Project("{FAE04EC0-301F-11D3-BF4B-00C04F79EFBC}") = "AKRS.Calibration", "AKRS.Calibration\AKRS.Calibration.csproj", "{58B058A0-033B-4664-A96E-60EA7D42D7DC}"
EndProject
Project("{FAE04EC0-301F-11D3-BF4B-00C04F79EFBC}") = "AKRS.Galaxy2.PR", "AKRS.Galaxy2.PR\AKRS.Galaxy2.PR.csproj", "{D8062B58-0349-4E5D-A5C4-0CA9D3FC4FA1}"
EndProject
Project("{FAE04EC0-301F-11D3-BF4B-00C04F79EFBC}") = "AKRS.Galaxy2.PR.Test", "AKRS.Galaxy2.PR.Test\AKRS.Galaxy2.PR.Test.csproj", "{F22526EE-5545-48E4-82B4-B95CB5AAE56C}"
EndProject
Project("{FAE04EC0-301F-11D3-BF4B-00C04F79EFBC}") = "AKRS.Galaxy2.RealtimeCurve.TestDemo", "AKRS.Galaxy2.Component.TestDemo\AKRS.Galaxy2.RealtimeCurve.TestDemo.csproj", "{A25E5E34-E3F6-46D1-A29F-3EE09D3C24A2}"
EndProject
Project("{FAE04EC0-301F-11D3-BF4B-00C04F79EFBC}") = "AKRS.Galaxy2.MachineSupport", "AKRS.Galaxy2.MachineSupport\AKRS.Galaxy2.MachineSupport.csproj", "{6BED4D85-11CD-4DA4-8D6C-6F0CDEE5D72B}"
EndProject
Project("{FAE04EC0-301F-11D3-BF4B-00C04F79EFBC}") = "AKRS.Galaxy2.TeachTest", "AKRS.Galaxy2.TeachTest\AKRS.Galaxy2.TeachTest.csproj", "{F7EFE1F1-275F-4A76-92E2-4AEFE44EC786}"
EndProject
Project("{FAE04EC0-301F-11D3-BF4B-00C04F79EFBC}") = "AKRS.Galaxy2.CoordinateSystems", "AKRS.Galaxy2.CoordinateSystems\AKRS.Galaxy2.CoordinateSystems.csproj", "{27D3507A-15E4-4190-B801-9F5426E904B3}"
EndProject
Project("{FAE04EC0-301F-11D3-BF4B-00C04F79EFBC}") = "AKRS.Galaxy2.AutoFocusing", "AKRS.Galaxy2.AutoFocusing\AKRS.Galaxy2.AutoFocusing.csproj", "{C6F9620D-7AED-40D2-9CFD-449C0EF40BA9}"
EndProject
Project("{FAE04EC0-301F-11D3-BF4B-00C04F79EFBC}") = "AKRS.Galaxy2.Dispense", "AKRS.Galaxy2.Dispense\AKRS.Galaxy2.Dispense.csproj", "{545654F5-F47B-498B-BD64-7ADB4CB4FB97}"
EndProject
Project("{FAE04EC0-301F-11D3-BF4B-00C04F79EFBC}") = "InterpolationMovementTest", "InterpolationMovementTest\InterpolationMovementTest.csproj", "{5A4371F1-428D-4F86-9494-EBA3303C2A7B}"
EndProject
Project("{FAE04EC0-301F-11D3-BF4B-00C04F79EFBC}") = "AKRS.Galaxy2.LogTest", "AKRS.Galaxy2.LogTest\AKRS.Galaxy2.LogTest.csproj", "{66D30388-78B5-4875-99E2-B951349A90D4}"
EndProject
Project("{FAE04EC0-301F-11D3-BF4B-00C04F79EFBC}") = "AKRS.Galaxy2.AxisCompensate", "AKRS.Galaxy2.AxisCompensate\AKRS.Galaxy2.AxisCompensate.csproj", "{6EB6FBFC-468E-4001-8A93-D0335FF725CA}"
EndProject
Project("{FAE04EC0-301F-11D3-BF4B-00C04F79EFBC}") = "Akrs.ChangeJson", "Akrs.ChangeJson\Akrs.ChangeJson.csproj", "{076D90A8-8CF3-407A-9628-228C69721C45}"
EndProject
Project("{FAE04EC0-301F-11D3-BF4B-00C04F79EFBC}") = "AKRS.Galaxy.SoftKey", "AKRS.Galaxy.SoftKey\AKRS.Galaxy.SoftKey\AKRS.Galaxy.SoftKey.csproj", "{6135D015-CFEF-482D-B981-B1020D9DEDE7}"
EndProject
Project("{54435603-DBB4-11D2-8724-00A0C9A8B90C}") = "SetupZX2200", "SetupZX2200\SetupZX2200.vdproj", "{C394374B-04ED-D3D4-016B-4C62AE8321E3}"
EndProject
Global
	GlobalSection(SolutionConfigurationPlatforms) = preSolution
		Debug|Any CPU = Debug|Any CPU
		Debug|x64 = Debug|x64
		Release|Any CPU = Release|Any CPU
		Release|x64 = Release|x64
	EndGlobalSection
	GlobalSection(ProjectConfigurationPlatforms) = postSolution
		{2B9696AB-6629-45CA-AC34-98AB1A817ABB}.Debug|Any CPU.ActiveCfg = Debug|Any CPU
		{2B9696AB-6629-45CA-AC34-98AB1A817ABB}.Debug|Any CPU.Build.0 = Debug|Any CPU
		{2B9696AB-6629-45CA-AC34-98AB1A817ABB}.Debug|x64.ActiveCfg = Debug|Any CPU
		{2B9696AB-6629-45CA-AC34-98AB1A817ABB}.Debug|x64.Build.0 = Debug|Any CPU
		{2B9696AB-6629-45CA-AC34-98AB1A817ABB}.Release|Any CPU.ActiveCfg = Release|Any CPU
		{2B9696AB-6629-45CA-AC34-98AB1A817ABB}.Release|Any CPU.Build.0 = Release|Any CPU
		{2B9696AB-6629-45CA-AC34-98AB1A817ABB}.Release|x64.ActiveCfg = Release|x64
		{2B9696AB-6629-45CA-AC34-98AB1A817ABB}.Release|x64.Build.0 = Release|x64
		{EB3C2BCE-635D-440B-BE73-148BB644A62C}.Debug|Any CPU.ActiveCfg = Debug|Any CPU
		{EB3C2BCE-635D-440B-BE73-148BB644A62C}.Debug|Any CPU.Build.0 = Debug|Any CPU
		{EB3C2BCE-635D-440B-BE73-148BB644A62C}.Debug|x64.ActiveCfg = Debug|Any CPU
		{EB3C2BCE-635D-440B-BE73-148BB644A62C}.Debug|x64.Build.0 = Debug|Any CPU
		{EB3C2BCE-635D-440B-BE73-148BB644A62C}.Release|Any CPU.ActiveCfg = Release|Any CPU
		{EB3C2BCE-635D-440B-BE73-148BB644A62C}.Release|Any CPU.Build.0 = Release|Any CPU
		{EB3C2BCE-635D-440B-BE73-148BB644A62C}.Release|x64.ActiveCfg = Release|Any CPU
		{EB3C2BCE-635D-440B-BE73-148BB644A62C}.Release|x64.Build.0 = Release|Any CPU
		{58B058A0-033B-4664-A96E-60EA7D42D7DC}.Debug|Any CPU.ActiveCfg = Debug|Any CPU
		{58B058A0-033B-4664-A96E-60EA7D42D7DC}.Debug|Any CPU.Build.0 = Debug|Any CPU
		{58B058A0-033B-4664-A96E-60EA7D42D7DC}.Debug|x64.ActiveCfg = Debug|Any CPU
		{58B058A0-033B-4664-A96E-60EA7D42D7DC}.Debug|x64.Build.0 = Debug|Any CPU
		{58B058A0-033B-4664-A96E-60EA7D42D7DC}.Release|Any CPU.ActiveCfg = Release|Any CPU
		{58B058A0-033B-4664-A96E-60EA7D42D7DC}.Release|Any CPU.Build.0 = Release|Any CPU
		{58B058A0-033B-4664-A96E-60EA7D42D7DC}.Release|x64.ActiveCfg = Release|Any CPU
		{58B058A0-033B-4664-A96E-60EA7D42D7DC}.Release|x64.Build.0 = Release|Any CPU
		{D8062B58-0349-4E5D-A5C4-0CA9D3FC4FA1}.Debug|Any CPU.ActiveCfg = Debug|Any CPU
		{D8062B58-0349-4E5D-A5C4-0CA9D3FC4FA1}.Debug|Any CPU.Build.0 = Debug|Any CPU
		{D8062B58-0349-4E5D-A5C4-0CA9D3FC4FA1}.Debug|x64.ActiveCfg = Debug|Any CPU
		{D8062B58-0349-4E5D-A5C4-0CA9D3FC4FA1}.Debug|x64.Build.0 = Debug|Any CPU
		{D8062B58-0349-4E5D-A5C4-0CA9D3FC4FA1}.Release|Any CPU.ActiveCfg = Release|Any CPU
		{D8062B58-0349-4E5D-A5C4-0CA9D3FC4FA1}.Release|Any CPU.Build.0 = Release|Any CPU
		{D8062B58-0349-4E5D-A5C4-0CA9D3FC4FA1}.Release|x64.ActiveCfg = Release|Any CPU
		{D8062B58-0349-4E5D-A5C4-0CA9D3FC4FA1}.Release|x64.Build.0 = Release|Any CPU
		{F22526EE-5545-48E4-82B4-B95CB5AAE56C}.Debug|Any CPU.ActiveCfg = Debug|Any CPU
		{F22526EE-5545-48E4-82B4-B95CB5AAE56C}.Debug|Any CPU.Build.0 = Debug|Any CPU
		{F22526EE-5545-48E4-82B4-B95CB5AAE56C}.Debug|x64.ActiveCfg = Debug|Any CPU
		{F22526EE-5545-48E4-82B4-B95CB5AAE56C}.Debug|x64.Build.0 = Debug|Any CPU
		{F22526EE-5545-48E4-82B4-B95CB5AAE56C}.Release|Any CPU.ActiveCfg = Release|Any CPU
		{F22526EE-5545-48E4-82B4-B95CB5AAE56C}.Release|Any CPU.Build.0 = Release|Any CPU
		{F22526EE-5545-48E4-82B4-B95CB5AAE56C}.Release|x64.ActiveCfg = Release|Any CPU
		{F22526EE-5545-48E4-82B4-B95CB5AAE56C}.Release|x64.Build.0 = Release|Any CPU
		{A25E5E34-E3F6-46D1-A29F-3EE09D3C24A2}.Debug|Any CPU.ActiveCfg = Debug|Any CPU
		{A25E5E34-E3F6-46D1-A29F-3EE09D3C24A2}.Debug|Any CPU.Build.0 = Debug|Any CPU
		{A25E5E34-E3F6-46D1-A29F-3EE09D3C24A2}.Debug|x64.ActiveCfg = Debug|Any CPU
		{A25E5E34-E3F6-46D1-A29F-3EE09D3C24A2}.Debug|x64.Build.0 = Debug|Any CPU
		{A25E5E34-E3F6-46D1-A29F-3EE09D3C24A2}.Release|Any CPU.ActiveCfg = Release|Any CPU
		{A25E5E34-E3F6-46D1-A29F-3EE09D3C24A2}.Release|Any CPU.Build.0 = Release|Any CPU
		{A25E5E34-E3F6-46D1-A29F-3EE09D3C24A2}.Release|x64.ActiveCfg = Release|Any CPU
		{A25E5E34-E3F6-46D1-A29F-3EE09D3C24A2}.Release|x64.Build.0 = Release|Any CPU
		{6BED4D85-11CD-4DA4-8D6C-6F0CDEE5D72B}.Debug|Any CPU.ActiveCfg = Debug|Any CPU
		{6BED4D85-11CD-4DA4-8D6C-6F0CDEE5D72B}.Debug|Any CPU.Build.0 = Debug|Any CPU
		{6BED4D85-11CD-4DA4-8D6C-6F0CDEE5D72B}.Debug|x64.ActiveCfg = Debug|Any CPU
		{6BED4D85-11CD-4DA4-8D6C-6F0CDEE5D72B}.Debug|x64.Build.0 = Debug|Any CPU
		{6BED4D85-11CD-4DA4-8D6C-6F0CDEE5D72B}.Release|Any CPU.ActiveCfg = Release|Any CPU
		{6BED4D85-11CD-4DA4-8D6C-6F0CDEE5D72B}.Release|Any CPU.Build.0 = Release|Any CPU
		{6BED4D85-11CD-4DA4-8D6C-6F0CDEE5D72B}.Release|x64.ActiveCfg = Release|Any CPU
		{6BED4D85-11CD-4DA4-8D6C-6F0CDEE5D72B}.Release|x64.Build.0 = Release|Any CPU
		{F7EFE1F1-275F-4A76-92E2-4AEFE44EC786}.Debug|Any CPU.ActiveCfg = Debug|Any CPU
		{F7EFE1F1-275F-4A76-92E2-4AEFE44EC786}.Debug|Any CPU.Build.0 = Debug|Any CPU
		{F7EFE1F1-275F-4A76-92E2-4AEFE44EC786}.Debug|x64.ActiveCfg = Debug|Any CPU
		{F7EFE1F1-275F-4A76-92E2-4AEFE44EC786}.Debug|x64.Build.0 = Debug|Any CPU
		{F7EFE1F1-275F-4A76-92E2-4AEFE44EC786}.Release|Any CPU.ActiveCfg = Release|Any CPU
		{F7EFE1F1-275F-4A76-92E2-4AEFE44EC786}.Release|Any CPU.Build.0 = Release|Any CPU
		{F7EFE1F1-275F-4A76-92E2-4AEFE44EC786}.Release|x64.ActiveCfg = Release|Any CPU
		{F7EFE1F1-275F-4A76-92E2-4AEFE44EC786}.Release|x64.Build.0 = Release|Any CPU
		{27D3507A-15E4-4190-B801-9F5426E904B3}.Debug|Any CPU.ActiveCfg = Debug|Any CPU
		{27D3507A-15E4-4190-B801-9F5426E904B3}.Debug|Any CPU.Build.0 = Debug|Any CPU
		{27D3507A-15E4-4190-B801-9F5426E904B3}.Debug|x64.ActiveCfg = Debug|Any CPU
		{27D3507A-15E4-4190-B801-9F5426E904B3}.Debug|x64.Build.0 = Debug|Any CPU
		{27D3507A-15E4-4190-B801-9F5426E904B3}.Release|Any CPU.ActiveCfg = Release|Any CPU
		{27D3507A-15E4-4190-B801-9F5426E904B3}.Release|Any CPU.Build.0 = Release|Any CPU
		{27D3507A-15E4-4190-B801-9F5426E904B3}.Release|x64.ActiveCfg = Release|Any CPU
		{27D3507A-15E4-4190-B801-9F5426E904B3}.Release|x64.Build.0 = Release|Any CPU
		{C6F9620D-7AED-40D2-9CFD-449C0EF40BA9}.Debug|Any CPU.ActiveCfg = Debug|Any CPU
		{C6F9620D-7AED-40D2-9CFD-449C0EF40BA9}.Debug|Any CPU.Build.0 = Debug|Any CPU
		{C6F9620D-7AED-40D2-9CFD-449C0EF40BA9}.Debug|x64.ActiveCfg = Debug|Any CPU
		{C6F9620D-7AED-40D2-9CFD-449C0EF40BA9}.Debug|x64.Build.0 = Debug|Any CPU
		{C6F9620D-7AED-40D2-9CFD-449C0EF40BA9}.Release|Any CPU.ActiveCfg = Release|Any CPU
		{C6F9620D-7AED-40D2-9CFD-449C0EF40BA9}.Release|Any CPU.Build.0 = Release|Any CPU
		{C6F9620D-7AED-40D2-9CFD-449C0EF40BA9}.Release|x64.ActiveCfg = Release|Any CPU
		{C6F9620D-7AED-40D2-9CFD-449C0EF40BA9}.Release|x64.Build.0 = Release|Any CPU
		{545654F5-F47B-498B-BD64-7ADB4CB4FB97}.Debug|Any CPU.ActiveCfg = Debug|Any CPU
		{545654F5-F47B-498B-BD64-7ADB4CB4FB97}.Debug|Any CPU.Build.0 = Debug|Any CPU
		{545654F5-F47B-498B-BD64-7ADB4CB4FB97}.Debug|x64.ActiveCfg = Debug|Any CPU
		{545654F5-F47B-498B-BD64-7ADB4CB4FB97}.Debug|x64.Build.0 = Debug|Any CPU
		{545654F5-F47B-498B-BD64-7ADB4CB4FB97}.Release|Any CPU.ActiveCfg = Release|Any CPU
		{545654F5-F47B-498B-BD64-7ADB4CB4FB97}.Release|Any CPU.Build.0 = Release|Any CPU
		{545654F5-F47B-498B-BD64-7ADB4CB4FB97}.Release|x64.ActiveCfg = Release|Any CPU
		{545654F5-F47B-498B-BD64-7ADB4CB4FB97}.Release|x64.Build.0 = Release|Any CPU
		{5A4371F1-428D-4F86-9494-EBA3303C2A7B}.Debug|Any CPU.ActiveCfg = Debug|Any CPU
		{5A4371F1-428D-4F86-9494-EBA3303C2A7B}.Debug|Any CPU.Build.0 = Debug|Any CPU
		{5A4371F1-428D-4F86-9494-EBA3303C2A7B}.Debug|x64.ActiveCfg = Debug|Any CPU
		{5A4371F1-428D-4F86-9494-EBA3303C2A7B}.Debug|x64.Build.0 = Debug|Any CPU
		{5A4371F1-428D-4F86-9494-EBA3303C2A7B}.Release|Any CPU.ActiveCfg = Release|Any CPU
		{5A4371F1-428D-4F86-9494-EBA3303C2A7B}.Release|Any CPU.Build.0 = Release|Any CPU
		{5A4371F1-428D-4F86-9494-EBA3303C2A7B}.Release|x64.ActiveCfg = Release|Any CPU
		{5A4371F1-428D-4F86-9494-EBA3303C2A7B}.Release|x64.Build.0 = Release|Any CPU
		{66D30388-78B5-4875-99E2-B951349A90D4}.Debug|Any CPU.ActiveCfg = Debug|Any CPU
		{66D30388-78B5-4875-99E2-B951349A90D4}.Debug|Any CPU.Build.0 = Debug|Any CPU
		{66D30388-78B5-4875-99E2-B951349A90D4}.Debug|x64.ActiveCfg = Debug|Any CPU
		{66D30388-78B5-4875-99E2-B951349A90D4}.Debug|x64.Build.0 = Debug|Any CPU
		{66D30388-78B5-4875-99E2-B951349A90D4}.Release|Any CPU.ActiveCfg = Release|Any CPU
		{66D30388-78B5-4875-99E2-B951349A90D4}.Release|Any CPU.Build.0 = Release|Any CPU
		{66D30388-78B5-4875-99E2-B951349A90D4}.Release|x64.ActiveCfg = Release|Any CPU
		{66D30388-78B5-4875-99E2-B951349A90D4}.Release|x64.Build.0 = Release|Any CPU
		{6EB6FBFC-468E-4001-8A93-D0335FF725CA}.Debug|Any CPU.ActiveCfg = Debug|Any CPU
		{6EB6FBFC-468E-4001-8A93-D0335FF725CA}.Debug|Any CPU.Build.0 = Debug|Any CPU
		{6EB6FBFC-468E-4001-8A93-D0335FF725CA}.Debug|x64.ActiveCfg = Debug|Any CPU
		{6EB6FBFC-468E-4001-8A93-D0335FF725CA}.Debug|x64.Build.0 = Debug|Any CPU
		{6EB6FBFC-468E-4001-8A93-D0335FF725CA}.Release|Any CPU.ActiveCfg = Release|Any CPU
		{6EB6FBFC-468E-4001-8A93-D0335FF725CA}.Release|Any CPU.Build.0 = Release|Any CPU
		{6EB6FBFC-468E-4001-8A93-D0335FF725CA}.Release|x64.ActiveCfg = Release|Any CPU
		{6EB6FBFC-468E-4001-8A93-D0335FF725CA}.Release|x64.Build.0 = Release|Any CPU
		{076D90A8-8CF3-407A-9628-228C69721C45}.Debug|Any CPU.ActiveCfg = Debug|Any CPU
		{076D90A8-8CF3-407A-9628-228C69721C45}.Debug|Any CPU.Build.0 = Debug|Any CPU
		{076D90A8-8CF3-407A-9628-228C69721C45}.Debug|x64.ActiveCfg = Debug|Any CPU
		{076D90A8-8CF3-407A-9628-228C69721C45}.Debug|x64.Build.0 = Debug|Any CPU
		{076D90A8-8CF3-407A-9628-228C69721C45}.Release|Any CPU.ActiveCfg = Release|Any CPU
		{076D90A8-8CF3-407A-9628-228C69721C45}.Release|Any CPU.Build.0 = Release|Any CPU
		{076D90A8-8CF3-407A-9628-228C69721C45}.Release|x64.ActiveCfg = Release|Any CPU
		{076D90A8-8CF3-407A-9628-228C69721C45}.Release|x64.Build.0 = Release|Any CPU
		{6135D015-CFEF-482D-B981-B1020D9DEDE7}.Debug|Any CPU.ActiveCfg = Debug|Any CPU
		{6135D015-CFEF-482D-B981-B1020D9DEDE7}.Debug|Any CPU.Build.0 = Debug|Any CPU
		{6135D015-CFEF-482D-B981-B1020D9DEDE7}.Debug|x64.ActiveCfg = Debug|Any CPU
		{6135D015-CFEF-482D-B981-B1020D9DEDE7}.Debug|x64.Build.0 = Debug|Any CPU
		{6135D015-CFEF-482D-B981-B1020D9DEDE7}.Release|Any CPU.ActiveCfg = Release|Any CPU
		{6135D015-CFEF-482D-B981-B1020D9DEDE7}.Release|Any CPU.Build.0 = Release|Any CPU
		{6135D015-CFEF-482D-B981-B1020D9DEDE7}.Release|x64.ActiveCfg = Release|Any CPU
		{6135D015-CFEF-482D-B981-B1020D9DEDE7}.Release|x64.Build.0 = Release|Any CPU
		{C394374B-04ED-D3D4-016B-4C62AE8321E3}.Debug|Any CPU.ActiveCfg = Debug
		{C394374B-04ED-D3D4-016B-4C62AE8321E3}.Debug|x64.ActiveCfg = Debug
		{C394374B-04ED-D3D4-016B-4C62AE8321E3}.Release|Any CPU.ActiveCfg = Release
		{C394374B-04ED-D3D4-016B-4C62AE8321E3}.Release|x64.ActiveCfg = Release
	EndGlobalSection
	GlobalSection(SolutionProperties) = preSolution
		HideSolutionNode = FALSE
	EndGlobalSection
	GlobalSection(ExtensibilityGlobals) = postSolution
		SolutionGuid = {1B7CD978-3E14-48CB-86AA-96D6429D9015}
	EndGlobalSection
EndGlobal
